
Microsoft Visual Studio Solution File, Format Version 12.00
# Visual Studio Version 16
VisualStudioVersion = 16.0.31129.286
MinimumVisualStudioVersion = 10.0.40219.1
Project("{FAE04EC0-301F-11D3-BF4B-00C04F79EFBC}") = "WpfApp Step Ders 2 May", "WpfApp Step Ders 2 May\WpfApp Step Ders 2 May.csproj", "{358F9FCD-67FC-4A7A-A669-BC2D51373BF2}"
EndProject
Global
	GlobalSection(SolutionConfigurationPlatforms) = preSolution
		Debug|Any CPU = Debug|Any CPU
		Release|Any CPU = Release|Any CPU
	EndGlobalSection
	GlobalSection(ProjectConfigurationPlatforms) = postSolution
		{358F9FCD-67FC-4A7A-A669-BC2D51373BF2}.Debug|Any CPU.ActiveCfg = Debug|Any CPU
		{358F9FCD-67FC-4A7A-A669-BC2D51373BF2}.Debug|Any CPU.Build.0 = Debug|Any CPU
		{358F9FCD-67FC-4A7A-A669-BC2D51373BF2}.Release|Any CPU.ActiveCfg = Release|Any CPU
		{358F9FCD-67FC-4A7A-A669-BC2D51373BF2}.Release|Any CPU.Build.0 = Release|Any CPU
	EndGlobalSection
	GlobalSection(SolutionProperties) = preSolution
		HideSolutionNode = FALSE
	EndGlobalSection
	GlobalSection(ExtensibilityGlobals) = postSolution
		SolutionGuid = {04397978-EAA5-4936-A3CC-E08845F029C4}
	EndGlobalSection
EndGlobal
